
Microsoft Visual Studio Solution File, Format Version 12.00
# Visual Studio Version 17
VisualStudioVersion = 17.0.31903.59
MinimumVisualStudioVersion = 10.0.40219.1
Project("{2150E333-8FDC-42A3-9474-1A3956D46DE8}") = "src", "src", "{827E0CD3-B72D-47B6-A68D-7590B98EB39B}"
EndProject
Project("{2150E333-8FDC-42A3-9474-1A3956D46DE8}") = "Core", "Core", "{8D626EA8-CB54-BC41-363A-217881BEBA6E}"
EndProject
Project("{FAE04EC0-301F-11D3-BF4B-00C04F79EFBC}") = "DepoYonetim.Core", "src\Core\DepoYonetim.Core.csproj", "{9300EB90-E587-45EB-961E-873D70B75041}"
EndProject
Project("{2150E333-8FDC-42A3-9474-1A3956D46DE8}") = "Application", "Application", "{22BAF98C-8415-17C4-B26A-D537657BC863}"
EndProject
Project("{FAE04EC0-301F-11D3-BF4B-00C04F79EFBC}") = "DepoYonetim.Application", "src\Application\DepoYonetim.Application.csproj", "{F3CE6CF1-6AD4-4D24-9BE4-219E65D549AA}"
EndProject
Project("{2150E333-8FDC-42A3-9474-1A3956D46DE8}") = "Infrastructure", "Infrastructure", "{9048EB7F-3875-A59E-E36B-5BD4C6F2A282}"
EndProject
Project("{FAE04EC0-301F-11D3-BF4B-00C04F79EFBC}") = "DepoYonetim.Infrastructure", "src\Infrastructure\DepoYonetim.Infrastructure.csproj", "{3C538B99-6218-474C-8186-E63441BFFE35}"
EndProject
Project("{2150E333-8FDC-42A3-9474-1A3956D46DE8}") = "WebAPI", "WebAPI", "{953D89DF-FDD2-4C1A-6A43-6326114B13B5}"
EndProject
Project("{FAE04EC0-301F-11D3-BF4B-00C04F79EFBC}") = "DepoYonetim.WebAPI", "src\WebAPI\DepoYonetim.WebAPI.csproj", "{18FE56E4-EE96-40B1-BA29-3715B05B69B8}"
EndProject
Global
	GlobalSection(SolutionConfigurationPlatforms) = preSolution
		Debug|Any CPU = Debug|Any CPU
		Debug|x64 = Debug|x64
		Debug|x86 = Debug|x86
		Release|Any CPU = Release|Any CPU
		Release|x64 = Release|x64
		Release|x86 = Release|x86
	EndGlobalSection
	GlobalSection(ProjectConfigurationPlatforms) = postSolution
		{9300EB90-E587-45EB-961E-873D70B75041}.Debug|Any CPU.ActiveCfg = Debug|Any CPU
		{9300EB90-E587-45EB-961E-873D70B75041}.Debug|Any CPU.Build.0 = Debug|Any CPU
		{9300EB90-E587-45EB-961E-873D70B75041}.Debug|x64.ActiveCfg = Debug|Any CPU
		{9300EB90-E587-45EB-961E-873D70B75041}.Debug|x64.Build.0 = Debug|Any CPU
		{9300EB90-E587-45EB-961E-873D70B75041}.Debug|x86.ActiveCfg = Debug|Any CPU
		{9300EB90-E587-45EB-961E-873D70B75041}.Debug|x86.Build.0 = Debug|Any CPU
		{9300EB90-E587-45EB-961E-873D70B75041}.Release|Any CPU.ActiveCfg = Release|Any CPU
		{9300EB90-E587-45EB-961E-873D70B75041}.Release|Any CPU.Build.0 = Release|Any CPU
		{9300EB90-E587-45EB-961E-873D70B75041}.Release|x64.ActiveCfg = Release|Any CPU
		{9300EB90-E587-45EB-961E-873D70B75041}.Release|x64.Build.0 = Release|Any CPU
		{9300EB90-E587-45EB-961E-873D70B75041}.Release|x86.ActiveCfg = Release|Any CPU
		{9300EB90-E587-45EB-961E-873D70B75041}.Release|x86.Build.0 = Release|Any CPU
		{F3CE6CF1-6AD4-4D24-9BE4-219E65D549AA}.Debug|Any CPU.ActiveCfg = Debug|Any CPU
		{F3CE6CF1-6AD4-4D24-9BE4-219E65D549AA}.Debug|Any CPU.Build.0 = Debug|Any CPU
		{F3CE6CF1-6AD4-4D24-9BE4-219E65D549AA}.Debug|x64.ActiveCfg = Debug|Any CPU
		{F3CE6CF1-6AD4-4D24-9BE4-219E65D549AA}.Debug|x64.Build.0 = Debug|Any CPU
		{F3CE6CF1-6AD4-4D24-9BE4-219E65D549AA}.Debug|x86.ActiveCfg = Debug|Any CPU
		{F3CE6CF1-6AD4-4D24-9BE4-219E65D549AA}.Debug|x86.Build.0 = Debug|Any CPU
		{F3CE6CF1-6AD4-4D24-9BE4-219E65D549AA}.Release|Any CPU.ActiveCfg = Release|Any CPU
		{F3CE6CF1-6AD4-4D24-9BE4-219E65D549AA}.Release|Any CPU.Build.0 = Release|Any CPU
		{F3CE6CF1-6AD4-4D24-9BE4-219E65D549AA}.Release|x64.ActiveCfg = Release|Any CPU
		{F3CE6CF1-6AD4-4D24-9BE4-219E65D549AA}.Release|x64.Build.0 = Release|Any CPU
		{F3CE6CF1-6AD4-4D24-9BE4-219E65D549AA}.Release|x86.ActiveCfg = Release|Any CPU
		{F3CE6CF1-6AD4-4D24-9BE4-219E65D549AA}.Release|x86.Build.0 = Release|Any CPU
		{3C538B99-6218-474C-8186-E63441BFFE35}.Debug|Any CPU.ActiveCfg = Debug|Any CPU
		{3C538B99-6218-474C-8186-E63441BFFE35}.Debug|Any CPU.Build.0 = Debug|Any CPU
		{3C538B99-6218-474C-8186-E63441BFFE35}.Debug|x64.ActiveCfg = Debug|Any CPU
		{3C538B99-6218-474C-8186-E63441BFFE35}.Debug|x64.Build.0 = Debug|Any CPU
		{3C538B99-6218-474C-8186-E63441BFFE35}.Debug|x86.ActiveCfg = Debug|Any CPU
		{3C538B99-6218-474C-8186-E63441BFFE35}.Debug|x86.Build.0 = Debug|Any CPU
		{3C538B99-6218-474C-8186-E63441BFFE35}.Release|Any CPU.ActiveCfg = Release|Any CPU
		{3C538B99-6218-474C-8186-E63441BFFE35}.Release|Any CPU.Build.0 = Release|Any CPU
		{3C538B99-6218-474C-8186-E63441BFFE35}.Release|x64.ActiveCfg = Release|Any CPU
		{3C538B99-6218-474C-8186-E63441BFFE35}.Release|x64.Build.0 = Release|Any CPU
		{3C538B99-6218-474C-8186-E63441BFFE35}.Release|x86.ActiveCfg = Release|Any CPU
		{3C538B99-6218-474C-8186-E63441BFFE35}.Release|x86.Build.0 = Release|Any CPU
		{18FE56E4-EE96-40B1-BA29-3715B05B69B8}.Debug|Any CPU.ActiveCfg = Debug|Any CPU
		{18FE56E4-EE96-40B1-BA29-3715B05B69B8}.Debug|Any CPU.Build.0 = Debug|Any CPU
		{18FE56E4-EE96-40B1-BA29-3715B05B69B8}.Debug|x64.ActiveCfg = Debug|Any CPU
		{18FE56E4-EE96-40B1-BA29-3715B05B69B8}.Debug|x64.Build.0 = Debug|Any CPU
		{18FE56E4-EE96-40B1-BA29-3715B05B69B8}.Debug|x86.ActiveCfg = Debug|Any CPU
		{18FE56E4-EE96-40B1-BA29-3715B05B69B8}.Debug|x86.Build.0 = Debug|Any CPU
		{18FE56E4-EE96-40B1-BA29-3715B05B69B8}.Release|Any CPU.ActiveCfg = Release|Any CPU
		{18FE56E4-EE96-40B1-BA29-3715B05B69B8}.Release|Any CPU.Build.0 = Release|Any CPU
		{18FE56E4-EE96-40B1-BA29-3715B05B69B8}.Release|x64.ActiveCfg = Release|Any CPU
		{18FE56E4-EE96-40B1-BA29-3715B05B69B8}.Release|x64.Build.0 = Release|Any CPU
		{18FE56E4-EE96-40B1-BA29-3715B05B69B8}.Release|x86.ActiveCfg = Release|Any CPU
		{18FE56E4-EE96-40B1-BA29-3715B05B69B8}.Release|x86.Build.0 = Release|Any CPU
	EndGlobalSection
	GlobalSection(SolutionProperties) = preSolution
		HideSolutionNode = FALSE
	EndGlobalSection
	GlobalSection(NestedProjects) = preSolution
		{8D626EA8-CB54-BC41-363A-217881BEBA6E} = {827E0CD3-B72D-47B6-A68D-7590B98EB39B}
		{9300EB90-E587-45EB-961E-873D70B75041} = {8D626EA8-CB54-BC41-363A-217881BEBA6E}
		{22BAF98C-8415-17C4-B26A-D537657BC863} = {827E0CD3-B72D-47B6-A68D-7590B98EB39B}
		{F3CE6CF1-6AD4-4D24-9BE4-219E65D549AA} = {22BAF98C-8415-17C4-B26A-D537657BC863}
		{9048EB7F-3875-A59E-E36B-5BD4C6F2A282} = {827E0CD3-B72D-47B6-A68D-7590B98EB39B}
		{3C538B99-6218-474C-8186-E63441BFFE35} = {9048EB7F-3875-A59E-E36B-5BD4C6F2A282}
		{953D89DF-FDD2-4C1A-6A43-6326114B13B5} = {827E0CD3-B72D-47B6-A68D-7590B98EB39B}
		{18FE56E4-EE96-40B1-BA29-3715B05B69B8} = {953D89DF-FDD2-4C1A-6A43-6326114B13B5}
	EndGlobalSection
EndGlobal
